
Microsoft Visual Studio Solution File, Format Version 12.00
# Visual Studio 15
VisualStudioVersion = 15.0.27703.2035
MinimumVisualStudioVersion = 10.0.40219.1
Project("{FAE04EC0-301F-11D3-BF4B-00C04F79EFBC}") = "Sistema PIM", "Sistema PIM.csproj", "{F911B2D0-DF2C-48AC-8CB4-3A3B2E61C8CA}"
EndProject
Global
	GlobalSection(SolutionConfigurationPlatforms) = preSolution
		Debug|Any CPU = Debug|Any CPU
		Release|Any CPU = Release|Any CPU
	EndGlobalSection
	GlobalSection(ProjectConfigurationPlatforms) = postSolution
		{F911B2D0-DF2C-48AC-8CB4-3A3B2E61C8CA}.Debug|Any CPU.ActiveCfg = Debug|Any CPU
		{F911B2D0-DF2C-48AC-8CB4-3A3B2E61C8CA}.Debug|Any CPU.Build.0 = Debug|Any CPU
		{F911B2D0-DF2C-48AC-8CB4-3A3B2E61C8CA}.Release|Any CPU.ActiveCfg = Release|Any CPU
		{F911B2D0-DF2C-48AC-8CB4-3A3B2E61C8CA}.Release|Any CPU.Build.0 = Release|Any CPU
	EndGlobalSection
	GlobalSection(SolutionProperties) = preSolution
		HideSolutionNode = FALSE
	EndGlobalSection
	GlobalSection(ExtensibilityGlobals) = postSolution
		SolutionGuid = {38A5D6ED-1552-4D9D-A8A0-08B9C49D577C}
	EndGlobalSection
EndGlobal
